
Microsoft Visual Studio Solution File, Format Version 12.00
Project("{2150E333-8FDC-42A3-9474-1A3956D46DE8}") = "DcmAnonymize", "DcmAnonymize", "{779D3C6C-E558-0B88-636B-A11D5A6B5880}"
EndProject
Project("{FAE04EC0-301F-11D3-BF4B-00C04F79EFBC}") = "DcmAnonymize", "src\DcmAnonymize\DcmAnonymize.csproj", "{8D6C5362-24B9-02B3-438A-54579009E803}"
EndProject
Project("{FAE04EC0-301F-11D3-BF4B-00C04F79EFBC}") = "DcmAnonymize.Tests", "tests\DcmAnonymize.Tests\DcmAnonymize.Tests.csproj", "{394CEF9D-B481-0E8A-2417-30FC896D12A2}"
EndProject
Project("{2150E333-8FDC-42A3-9474-1A3956D46DE8}") = "DcmFind", "DcmFind", "{CC42AEA0-D23E-886A-CD4C-78C94B6C926F}"
EndProject
Project("{FAE04EC0-301F-11D3-BF4B-00C04F79EFBC}") = "DcmFind", "src\DcmFind\DcmFind.csproj", "{E120C1B6-91C5-682A-D88C-024A0804A20F}"
EndProject
Project("{FAE04EC0-301F-11D3-BF4B-00C04F79EFBC}") = "DcmFind.Tests", "tests\DcmFind.Tests\DcmFind.Tests.csproj", "{9DC1C0C0-5F44-D6B4-1E18-3206B38F37D1}"
EndProject
Project("{2150E333-8FDC-42A3-9474-1A3956D46DE8}") = "DcmOrganize", "DcmOrganize", "{CBAAEF1D-8437-AB8E-503C-988CE69CFF12}"
EndProject
Project("{FAE04EC0-301F-11D3-BF4B-00C04F79EFBC}") = "DcmOrganize", "src\DcmOrganize\DcmOrganize.csproj", "{4A8F10CB-1633-54B7-FA7C-3A6DF3EACC98}"
EndProject
Project("{FAE04EC0-301F-11D3-BF4B-00C04F79EFBC}") = "DcmOrganize.Tests", "tests\DcmOrganize.Tests\DcmOrganize.Tests.csproj", "{B1F21F4A-F69F-A721-DD72-6E181974186A}"
EndProject
Project("{2150E333-8FDC-42A3-9474-1A3956D46DE8}") = "DcmParse", "DcmParse", "{CEBCC73D-5558-7EBB-813B-63B107401C86}"
EndProject
Project("{FAE04EC0-301F-11D3-BF4B-00C04F79EFBC}") = "DcmParse.Benchmarks", "src\DcmParse.Benchmarks\DcmParse.Benchmarks.csproj", "{9B636518-0101-6A7E-4581-F0ACEE9B141E}"
EndProject
Project("{FAE04EC0-301F-11D3-BF4B-00C04F79EFBC}") = "DcmParse.StandardGenerator", "src\DcmParse.StandardGenerator\DcmParse.StandardGenerator.csproj", "{5D17186C-10A0-1797-0F44-53A79800AEE2}"
EndProject
Project("{FAE04EC0-301F-11D3-BF4B-00C04F79EFBC}") = "DcmParse.Standard", "src\DcmParse.Standard\DcmParse.Standard.csproj", "{744A2076-7ABA-E84C-A247-11E6C852322F}"
EndProject
Project("{FAE04EC0-301F-11D3-BF4B-00C04F79EFBC}") = "DcmParse", "src\DcmParse\DcmParse.csproj", "{428A35FB-F941-44F9-5C65-9C39E3C90104}"
EndProject
Project("{2150E333-8FDC-42A3-9474-1A3956D46DE8}") = "Solution Items", "Solution Items", "{089100B1-113F-4E66-888A-E83F3999EAFD}"
	ProjectSection(SolutionItems) = preProject
		.editorconfig = .editorconfig
		.gitignore = .gitignore
		Directory.Build.props = Directory.Build.props
		global.json = global.json
		LICENSE = LICENSE
		README.md = README.md
		Directory.Packages.props = Directory.Packages.props
	EndProjectSection
EndProject
Project("{FAE04EC0-301F-11D3-BF4B-00C04F79EFBC}") = "DcmParse.Tests", "tests\DcmParse.Tests\DcmParse.Tests.csproj", "{BE26DD53-135B-48F5-A763-9CDEBF520B68}"
EndProject
Global
	GlobalSection(SolutionConfigurationPlatforms) = preSolution
		Debug|Any CPU = Debug|Any CPU
		Release|Any CPU = Release|Any CPU
	EndGlobalSection
	GlobalSection(ProjectConfigurationPlatforms) = postSolution
		{8D6C5362-24B9-02B3-438A-54579009E803}.Debug|Any CPU.ActiveCfg = Debug|Any CPU
		{8D6C5362-24B9-02B3-438A-54579009E803}.Debug|Any CPU.Build.0 = Debug|Any CPU
		{8D6C5362-24B9-02B3-438A-54579009E803}.Release|Any CPU.ActiveCfg = Release|Any CPU
		{8D6C5362-24B9-02B3-438A-54579009E803}.Release|Any CPU.Build.0 = Release|Any CPU
		{394CEF9D-B481-0E8A-2417-30FC896D12A2}.Debug|Any CPU.ActiveCfg = Debug|Any CPU
		{394CEF9D-B481-0E8A-2417-30FC896D12A2}.Debug|Any CPU.Build.0 = Debug|Any CPU
		{394CEF9D-B481-0E8A-2417-30FC896D12A2}.Release|Any CPU.ActiveCfg = Release|Any CPU
		{394CEF9D-B481-0E8A-2417-30FC896D12A2}.Release|Any CPU.Build.0 = Release|Any CPU
		{E120C1B6-91C5-682A-D88C-024A0804A20F}.Debug|Any CPU.ActiveCfg = Debug|Any CPU
		{E120C1B6-91C5-682A-D88C-024A0804A20F}.Debug|Any CPU.Build.0 = Debug|Any CPU
		{E120C1B6-91C5-682A-D88C-024A0804A20F}.Release|Any CPU.ActiveCfg = Release|Any CPU
		{E120C1B6-91C5-682A-D88C-024A0804A20F}.Release|Any CPU.Build.0 = Release|Any CPU
		{9DC1C0C0-5F44-D6B4-1E18-3206B38F37D1}.Debug|Any CPU.ActiveCfg = Debug|Any CPU
		{9DC1C0C0-5F44-D6B4-1E18-3206B38F37D1}.Debug|Any CPU.Build.0 = Debug|Any CPU
		{9DC1C0C0-5F44-D6B4-1E18-3206B38F37D1}.Release|Any CPU.ActiveCfg = Release|Any CPU
		{9DC1C0C0-5F44-D6B4-1E18-3206B38F37D1}.Release|Any CPU.Build.0 = Release|Any CPU
		{4A8F10CB-1633-54B7-FA7C-3A6DF3EACC98}.Debug|Any CPU.ActiveCfg = Debug|Any CPU
		{4A8F10CB-1633-54B7-FA7C-3A6DF3EACC98}.Debug|Any CPU.Build.0 = Debug|Any CPU
		{4A8F10CB-1633-54B7-FA7C-3A6DF3EACC98}.Release|Any CPU.ActiveCfg = Release|Any CPU
		{4A8F10CB-1633-54B7-FA7C-3A6DF3EACC98}.Release|Any CPU.Build.0 = Release|Any CPU
		{B1F21F4A-F69F-A721-DD72-6E181974186A}.Debug|Any CPU.ActiveCfg = Debug|Any CPU
		{B1F21F4A-F69F-A721-DD72-6E181974186A}.Debug|Any CPU.Build.0 = Debug|Any CPU
		{B1F21F4A-F69F-A721-DD72-6E181974186A}.Release|Any CPU.ActiveCfg = Release|Any CPU
		{B1F21F4A-F69F-A721-DD72-6E181974186A}.Release|Any CPU.Build.0 = Release|Any CPU
		{9B636518-0101-6A7E-4581-F0ACEE9B141E}.Debug|Any CPU.ActiveCfg = Debug|Any CPU
		{9B636518-0101-6A7E-4581-F0ACEE9B141E}.Debug|Any CPU.Build.0 = Debug|Any CPU
		{9B636518-0101-6A7E-4581-F0ACEE9B141E}.Release|Any CPU.ActiveCfg = Release|Any CPU
		{9B636518-0101-6A7E-4581-F0ACEE9B141E}.Release|Any CPU.Build.0 = Release|Any CPU
		{5D17186C-10A0-1797-0F44-53A79800AEE2}.Debug|Any CPU.ActiveCfg = Debug|Any CPU
		{5D17186C-10A0-1797-0F44-53A79800AEE2}.Debug|Any CPU.Build.0 = Debug|Any CPU
		{5D17186C-10A0-1797-0F44-53A79800AEE2}.Release|Any CPU.ActiveCfg = Release|Any CPU
		{5D17186C-10A0-1797-0F44-53A79800AEE2}.Release|Any CPU.Build.0 = Release|Any CPU
		{744A2076-7ABA-E84C-A247-11E6C852322F}.Debug|Any CPU.ActiveCfg = Debug|Any CPU
		{744A2076-7ABA-E84C-A247-11E6C852322F}.Debug|Any CPU.Build.0 = Debug|Any CPU
		{744A2076-7ABA-E84C-A247-11E6C852322F}.Release|Any CPU.ActiveCfg = Release|Any CPU
		{744A2076-7ABA-E84C-A247-11E6C852322F}.Release|Any CPU.Build.0 = Release|Any CPU
		{428A35FB-F941-44F9-5C65-9C39E3C90104}.Debug|Any CPU.ActiveCfg = Debug|Any CPU
		{428A35FB-F941-44F9-5C65-9C39E3C90104}.Debug|Any CPU.Build.0 = Debug|Any CPU
		{428A35FB-F941-44F9-5C65-9C39E3C90104}.Release|Any CPU.ActiveCfg = Release|Any CPU
		{428A35FB-F941-44F9-5C65-9C39E3C90104}.Release|Any CPU.Build.0 = Release|Any CPU
		{BE26DD53-135B-48F5-A763-9CDEBF520B68}.Debug|Any CPU.ActiveCfg = Debug|Any CPU
		{BE26DD53-135B-48F5-A763-9CDEBF520B68}.Debug|Any CPU.Build.0 = Debug|Any CPU
		{BE26DD53-135B-48F5-A763-9CDEBF520B68}.Release|Any CPU.ActiveCfg = Release|Any CPU
		{BE26DD53-135B-48F5-A763-9CDEBF520B68}.Release|Any CPU.Build.0 = Release|Any CPU
	EndGlobalSection
	GlobalSection(NestedProjects) = preSolution
		{8D6C5362-24B9-02B3-438A-54579009E803} = {779D3C6C-E558-0B88-636B-A11D5A6B5880}
		{394CEF9D-B481-0E8A-2417-30FC896D12A2} = {779D3C6C-E558-0B88-636B-A11D5A6B5880}
		{E120C1B6-91C5-682A-D88C-024A0804A20F} = {CC42AEA0-D23E-886A-CD4C-78C94B6C926F}
		{9DC1C0C0-5F44-D6B4-1E18-3206B38F37D1} = {CC42AEA0-D23E-886A-CD4C-78C94B6C926F}
		{4A8F10CB-1633-54B7-FA7C-3A6DF3EACC98} = {CBAAEF1D-8437-AB8E-503C-988CE69CFF12}
		{B1F21F4A-F69F-A721-DD72-6E181974186A} = {CBAAEF1D-8437-AB8E-503C-988CE69CFF12}
		{9B636518-0101-6A7E-4581-F0ACEE9B141E} = {CEBCC73D-5558-7EBB-813B-63B107401C86}
		{5D17186C-10A0-1797-0F44-53A79800AEE2} = {CEBCC73D-5558-7EBB-813B-63B107401C86}
		{744A2076-7ABA-E84C-A247-11E6C852322F} = {CEBCC73D-5558-7EBB-813B-63B107401C86}
		{428A35FB-F941-44F9-5C65-9C39E3C90104} = {CEBCC73D-5558-7EBB-813B-63B107401C86}
		{BE26DD53-135B-48F5-A763-9CDEBF520B68} = {CEBCC73D-5558-7EBB-813B-63B107401C86}
	EndGlobalSection
EndGlobal
